
Microsoft Visual Studio Solution File, Format Version 12.00
# Visual Studio 15
VisualStudioVersion = 15.0.26403.7
MinimumVisualStudioVersion = 10.0.40219.1
Project("{FAE04EC0-301F-11D3-BF4B-00C04F79EFBC}") = "RentalCar.Cli", "RentalCar.Cli\RentalCar.Cli.csproj", "{4909C6CB-96BF-47CE-9557-BEE9DF4E4A6C}"
EndProject
Project("{FAE04EC0-301F-11D3-BF4B-00C04F79EFBC}") = "RentalCar.BusinessLayer", "RentalCar.BusinessLayer\RentalCar.BusinessLayer.csproj", "{0ABC04DB-F7CE-4A7A-99EB-9DCA5DC37699}"
EndProject
Project("{FAE04EC0-301F-11D3-BF4B-00C04F79EFBC}") = "RentalCar.DataLayer", "RentalCar.DataLayer\RentalCar.DataLayer.csproj", "{C44FEA52-579E-4338-AF6B-0BF10F1AD43E}"
EndProject
Project("{FAE04EC0-301F-11D3-BF4B-00C04F79EFBC}") = "RentalCar.BusinessLayer.Tests", "RentalCar.BusinessLayer.Tests\RentalCar.BusinessLayer.Tests.csproj", "{1B361532-5BF7-46A0-8A7D-8939AA6871DC}"
EndProject
Global
	GlobalSection(SolutionConfigurationPlatforms) = preSolution
		Debug|Any CPU = Debug|Any CPU
		Release|Any CPU = Release|Any CPU
	EndGlobalSection
	GlobalSection(ProjectConfigurationPlatforms) = postSolution
		{4909C6CB-96BF-47CE-9557-BEE9DF4E4A6C}.Debug|Any CPU.ActiveCfg = Debug|Any CPU
		{4909C6CB-96BF-47CE-9557-BEE9DF4E4A6C}.Debug|Any CPU.Build.0 = Debug|Any CPU
		{4909C6CB-96BF-47CE-9557-BEE9DF4E4A6C}.Release|Any CPU.ActiveCfg = Release|Any CPU
		{4909C6CB-96BF-47CE-9557-BEE9DF4E4A6C}.Release|Any CPU.Build.0 = Release|Any CPU
		{0ABC04DB-F7CE-4A7A-99EB-9DCA5DC37699}.Debug|Any CPU.ActiveCfg = Debug|Any CPU
		{0ABC04DB-F7CE-4A7A-99EB-9DCA5DC37699}.Debug|Any CPU.Build.0 = Debug|Any CPU
		{0ABC04DB-F7CE-4A7A-99EB-9DCA5DC37699}.Release|Any CPU.ActiveCfg = Release|Any CPU
		{0ABC04DB-F7CE-4A7A-99EB-9DCA5DC37699}.Release|Any CPU.Build.0 = Release|Any CPU
		{C44FEA52-579E-4338-AF6B-0BF10F1AD43E}.Debug|Any CPU.ActiveCfg = Debug|Any CPU
		{C44FEA52-579E-4338-AF6B-0BF10F1AD43E}.Debug|Any CPU.Build.0 = Debug|Any CPU
		{C44FEA52-579E-4338-AF6B-0BF10F1AD43E}.Release|Any CPU.ActiveCfg = Release|Any CPU
		{C44FEA52-579E-4338-AF6B-0BF10F1AD43E}.Release|Any CPU.Build.0 = Release|Any CPU
		{1B361532-5BF7-46A0-8A7D-8939AA6871DC}.Debug|Any CPU.ActiveCfg = Debug|Any CPU
		{1B361532-5BF7-46A0-8A7D-8939AA6871DC}.Debug|Any CPU.Build.0 = Debug|Any CPU
		{1B361532-5BF7-46A0-8A7D-8939AA6871DC}.Release|Any CPU.ActiveCfg = Release|Any CPU
		{1B361532-5BF7-46A0-8A7D-8939AA6871DC}.Release|Any CPU.Build.0 = Release|Any CPU
	EndGlobalSection
	GlobalSection(SolutionProperties) = preSolution
		HideSolutionNode = FALSE
	EndGlobalSection
EndGlobal
